lockfileVersion: '9.0'

settings:
  autoInstallPeers: true
  excludeLinksFromLockfile: false

importers:

  .:
    dependencies:
      '@neutralinojs/lib':
        specifier: ^6.3.0
        version: 6.3.0

packages:

  '@neutralinojs/lib@6.3.0':
    resolution: {integrity: sha512-5HOtqWwylQ5SD6G/QaLNOSfub+/+fh08tTJfsEslg5fYFVbcCdTS50byqWTvkjluW57KaeuCaFpALhT20bFhDQ==}

  '@rollup/rollup-darwin-x64@4.53.2':
    resolution: {integrity: sha512-e6XqVmXlHrBlG56obu9gDRPW3O3hLxpwHpLsBJvuI8qqnsrtSZ9ERoWUXtPOkY8c78WghyPHZdmPhHLWNdAGEw==}
    cpu: [x64]
    os: [darwin]

  '@rollup/rollup-linux-x64-gnu@4.53.2':
    resolution: {integrity: sha512-yo8d6tdfdeBArzC7T/PnHd7OypfI9cbuZzPnzLJIyKYFhAQ8SvlkKtKBMbXDxe1h03Rcr7u++nFS7tqXz87Gtw==}
    cpu: [x64]
    os: [linux]

snapshots:

  '@neutralinojs/lib@6.3.0':
    optionalDependencies:
      '@rollup/rollup-darwin-x64': 4.53.2
      '@rollup/rollup-linux-x64-gnu': 4.53.2

  '@rollup/rollup-darwin-x64@4.53.2':
    optional: true

  '@rollup/rollup-linux-x64-gnu@4.53.2':
    optional: true
